{
  "name": "android-sms-gateway",
  "lockfileVersion": 3,
  "requires": true,
  "packages": {
    "": {
      "name": "android-sms-gateway",
      "devDependencies": {
        "bun-types": "latest"
      },
      "peerDependencies": {
        "typescript": "^5.0.0"
      }
    },
    "node_modules/bun-types": {
      "version": "1.0.15",
      "resolved": "https://registry.npmjs.org/bun-types/-/bun-types-1.0.15.tgz",
      "integrity": "sha512-XkEvWLV1JIhcVIpf2Lu6FXnZUxRUkQVJmgY+VT7os6Tk5X1nkXx11q4Rtu6txsqpDJZfUeZXblnnD59K+6wsVA==",
      "dev": true
    },
    "node_modules/typescript": {
      "version": "5.3.3",
      "license": "Apache-2.0",
      "peer": true,
      "bin": {
        "tsc": "bin/tsc",
        "tsserver": "bin/tsserver"
      },
      "engines": {
        "node": ">=14.17"
      }
    }
  }
}
